{
    "version": 3,
    "terraform_version": "0.11.7",
    "serial": 3,
    "lineage": "1078fd94-c979-d147-557c-929d2e3e1e23",
    "modules": [
        {
            "path": [
                "root"
            ],
            "outputs": {},
            "resources": {
                "aws_instance.sample": {
                    "type": "aws_instance",
                    "depends_on": [
                        "aws_security_group.sample"
                    ],
                    "primary": {
                        "id": "i-075f7d218541ba800",
                        "attributes": {
                            "ami": "ami-43a15f3e",
                            "associate_public_ip_address": "true",
                            "availability_zone": "us-east-1d",
                            "credit_specification.#": "1",
                            "credit_specification.0.cpu_credits": "standard",
                            "disable_api_termination": "false",
                            "ebs_block_device.#": "0",
                            "ebs_optimized": "false",
                            "ephemeral_block_device.#": "0",
                            "get_password_data": "false",
                            "iam_instance_profile": "",
                            "id": "i-075f7d218541ba800",
                            "instance_state": "running",
                            "instance_type": "t2.micro",
                            "ipv6_addresses.#": "0",
                            "key_name": "",
                            "monitoring": "false",
                            "network_interface.#": "0",
                            "network_interface_id": "eni-b882b52c",
                            "password_data": "",
                            "placement_group": "",
                            "primary_network_interface_id": "eni-b882b52c",
                            "private_dns": "ip-172-31-90-212.ec2.internal",
                            "private_ip": "172.31.90.212",
                            "public_dns": "ec2-54-210-36-112.compute-1.amazonaws.com",
                            "public_ip": "54.210.36.112",
                            "root_block_device.#": "1",
                            "root_block_device.0.delete_on_termination": "true",
                            "root_block_device.0.iops": "100",
                            "root_block_device.0.volume_id": "vol-0a9705f34b775ee18",
                            "root_block_device.0.volume_size": "8",
                            "root_block_device.0.volume_type": "gp2",
                            "security_groups.#": "1",
                            "security_groups.492951073": "terraform-sample-security-group",
                            "source_dest_check": "true",
                            "subnet_id": "subnet-bcbf4d92",
                            "tags.%": "1",
                            "tags.Name": "sample-terraform",
                            "tenancy": "default",
                            "user_data": "5b16d4e168003a8cbd1d0c92f0850d5f81c609bb",
                            "volume_tags.%": "0",
                            "vpc_security_group_ids.#": "1",
                            "vpc_security_group_ids.4261446178": "sg-dbe36693"
                        },
                        "meta": {
                            "e2bfb730-ecaa-11e6-8f88-34363bc7c4c0": {
                                "create": 600000000000,
                                "delete": 1200000000000,
                                "update": 600000000000
                            },
                            "schema_version": "1"
                        },
                        "tainted": false
                    },
                    "deposed": [],
                    "provider": "provider.aws"
                },
                "aws_security_group.sample": {
                    "type": "aws_security_group",
                    "depends_on": [],
                    "primary": {
                        "id": "sg-dbe36693",
                        "attributes": {
                            "arn": "arn:aws:ec2:us-east-1:432328125733:security-group/sg-dbe36693",
                            "description": "Managed by Terraform",
                            "egress.#": "0",
                            "id": "sg-dbe36693",
                            "ingress.#": "1",
                            "ingress.516175195.cidr_blocks.#": "1",
                            "ingress.516175195.cidr_blocks.0": "0.0.0.0/0",
                            "ingress.516175195.description": "",
                            "ingress.516175195.from_port": "8080",
                            "ingress.516175195.ipv6_cidr_blocks.#": "0",
                            "ingress.516175195.protocol": "tcp",
                            "ingress.516175195.security_groups.#": "0",
                            "ingress.516175195.self": "false",
                            "ingress.516175195.to_port": "8080",
                            "name": "terraform-sample-security-group",
                            "owner_id": "432328125733",
                            "revoke_rules_on_delete": "false",
                            "tags.%": "0",
                            "vpc_id": "vpc-190f2f62"
                        },
                        "meta": {
                            "e2bfb730-ecaa-11e6-8f88-34363bc7c4c0": {
                                "create": 600000000000,
                                "delete": 600000000000
                            },
                            "schema_version": "1"
                        },
                        "tainted": false
                    },
                    "deposed": [],
                    "provider": "provider.aws"
                }
            },
            "depends_on": []
        }
    ]
}
